{
  "name": "@aestheticbookshelf/lichessbot",
  "version": "1.0.9",
  "lockfileVersion": 1,
  "requires": true,
  "dependencies": {
    "@nodechessengineserver/chessboard": {
      "version": "1.0.1",
      "resolved": "https://registry.npmjs.org/@nodechessengineserver/chessboard/-/chessboard-1.0.1.tgz",
      "integrity": "sha512-l0jHYYfPo40VlAy+fa61KdzdPD6y67MxX65iv1WQreH+eouLkCmr4vWT4z0bT0CD20smlzUib1R4HHWwTi8DMw==",
      "requires": {
        "@nodechessengineserver/miscutils": "^1.0.0"
      }
    },
    "@nodechessengineserver/lichess": {
      "version": "1.0.1",
      "resolved": "https://registry.npmjs.org/@nodechessengineserver/lichess/-/lichess-1.0.1.tgz",
      "integrity": "sha512-4qRXREVT9gNabjKWadb1NlU5N881SdaYOKNYNbzpqixGspZv6BetiiKznzv89f0SsAX7BIxxagyJcd2TsGNGSg==",
      "requires": {
        "@nodechessengineserver/miscutils": "^1.0.0",
        "form-data": "^3.0.0"
      }
    },
    "@nodechessengineserver/miscutils": {
      "version": "1.0.1",
      "resolved": "https://registry.npmjs.org/@nodechessengineserver/miscutils/-/miscutils-1.0.1.tgz",
      "integrity": "sha512-Yft8spkjPUyspYOOzDbCY4QRC/yjc41HwFpOphxxyJhhTTJ4W8rHswxWecqZvDbh9t0hNE51NdQdC832wX9WQg==",
      "requires": {
        "node-fetch": "^2.6.0"
      }
    },
    "asynckit": {
      "version": "0.4.0",
      "resolved": "https://registry.npmjs.org/asynckit/-/asynckit-0.4.0.tgz",
      "integrity": "sha1-x57Zf380y48robyXkLzDZkdLS3k="
    },
    "combined-stream": {
      "version": "1.0.8",
      "resolved": "https://registry.npmjs.org/combined-stream/-/combined-stream-1.0.8.tgz",
      "integrity": "sha512-FQN4MRfuJeHf7cBbBMJFXhKSDq+2kAArBlmRBvcvFE5BB1HZKXtSFASDhdlz9zOYwxh8lDdnvmMOe/+5cdoEdg==",
      "requires": {
        "delayed-stream": "~1.0.0"
      }
    },
    "delayed-stream": {
      "version": "1.0.0",
      "resolved": "https://registry.npmjs.org/delayed-stream/-/delayed-stream-1.0.0.tgz",
      "integrity": "sha1-3zrhmayt+31ECqrgsp4icrJOxhk="
    },
    "form-data": {
      "version": "3.0.0",
      "resolved": "https://registry.npmjs.org/form-data/-/form-data-3.0.0.tgz",
      "integrity": "sha512-CKMFDglpbMi6PyN+brwB9Q/GOw0eAnsrEZDgcsH5Krhz5Od/haKHAX0NmQfha2zPPz0JpWzA7GJHGSnvCRLWsg==",
      "requires": {
        "asynckit": "^0.4.0",
        "combined-stream": "^1.0.8",
        "mime-types": "^2.1.12"
      }
    },
    "mime-db": {
      "version": "1.43.0",
      "resolved": "https://registry.npmjs.org/mime-db/-/mime-db-1.43.0.tgz",
      "integrity": "sha512-+5dsGEEovYbT8UY9yD7eE4XTc4UwJ1jBYlgaQQF38ENsKR3wj/8q8RFZrF9WIZpB2V1ArTVFUva8sAul1NzRzQ=="
    },
    "mime-types": {
      "version": "2.1.26",
      "resolved": "https://registry.npmjs.org/mime-types/-/mime-types-2.1.26.tgz",
      "integrity": "sha512-01paPWYgLrkqAyrlDorC1uDwl2p3qZT7yl806vW7DvDoxwXi46jsjFbg+WdwotBIk6/MbEhO/dh5aZ5sNj/dWQ==",
      "requires": {
        "mime-db": "1.43.0"
      }
    },
    "node-fetch": {
      "version": "2.6.1",
      "resolved": "https://registry.npmjs.org/node-fetch/-/node-fetch-2.6.1.tgz",
      "integrity": "sha512-V4aYg89jEoVRxRb2fJdAg8FHvI7cEyYdVAh94HH0UIK8oJxUfkjlDQN9RbMx+bEjP7+ggMiFRprSti032Oipxw=="
    }
  }
}
